// !$*UTF8*$!
{
	archiveVersion = 1;
	classes = {
	};
	objectVersion = 51;
	objects = {

/* Begin PBXBuildFile section */
		327705B5F70044091708A2F9 /* Pods_SwiftUI_ToastAndPopup.framework in Frameworks */ = {isa = PBXBuildFile; fileRef = 61B4AE044F49267FE5D2D61B /* Pods_SwiftUI_ToastAndPopup.framework */; };
		4C15AB4926E897EA003FF95C /* SwiftUI_ToastAndPopupApp.swift in Sources */ = {isa = PBXBuildFile; fileRef = 4C15AB4826E897EA003FF95C /* SwiftUI_ToastAndPopupApp.swift */; };
		4C15AB4B26E897EA003FF95C /* ContentView.swift in Sources */ = {isa = PBXBuildFile; fileRef = 4C15AB4A26E897EA003FF95C /* ContentView.swift */; };
		4C15AB4D26E897EB003FF95C /* Assets.xcassets in Resources */ = {isa = PBXBuildFile; fileRef = 4C15AB4C26E897EB003FF95C /* Assets.xcassets */; };
		4C15AB5026E897EB003FF95C /* Preview Assets.xcassets in Resources */ = {isa = PBXBuildFile; fileRef = 4C15AB4F26E897EB003FF95C /* Preview Assets.xcassets */; };
		4C15AB5C26E9D54A003FF95C /* ExtensionColor.swift in Sources */ = {isa = PBXBuildFile; fileRef = 4C15AB5B26E9D54A003FF95C /* ExtensionColor.swift */; };
/* End PBXBuildFile section */

/* Begin PBXFileReference section */
		26B58F93D70E20D4DEE704CD /* Pods-SwiftUI-ToastAndPopup.release.xcconfig */ = {isa = PBXFileReference; includeInIndex = 1; lastKnownFileType = text.xcconfig; name = "Pods-SwiftUI-ToastAndPopup.release.xcconfig"; path = "Target Support Files/Pods-SwiftUI-ToastAndPopup/Pods-SwiftUI-ToastAndPopup.release.xcconfig"; sourceTree = "<group>"; };
		4C15AB4526E897EA003FF95C /* SwiftUI-ToastAndPopup.app */ = {isa = PBXFileReference; explicitFileType = wrapper.application; includeInIndex = 0; path = "SwiftUI-ToastAndPopup.app"; sourceTree = BUILT_PRODUCTS_DIR; };
		4C15AB4826E897EA003FF95C /* SwiftUI_ToastAndPopupApp.swift */ = {isa = PBXFileReference; lastKnownFileType = sourcecode.swift; path = SwiftUI_ToastAndPopupApp.swift; sourceTree = "<group>"; };
		4C15AB4A26E897EA003FF95C /* ContentView.swift */ = {isa = PBXFileReference; lastKnownFileType = sourcecode.swift; path = ContentView.swift; sourceTree = "<group>"; };
		4C15AB4C26E897EB003FF95C /* Assets.xcassets */ = {isa = PBXFileReference; lastKnownFileType = folder.assetcatalog; path = Assets.xcassets; sourceTree = "<group>"; };
		4C15AB4F26E897EB003FF95C /* Preview Assets.xcassets */ = {isa = PBXFileReference; lastKnownFileType = folder.assetcatalog; path = "Preview Assets.xcassets"; sourceTree = "<group>"; };
		4C15AB5126E897EB003FF95C /* Info.plist */ = {isa = PBXFileReference; lastKnownFileType = text.plist.xml; path = Info.plist; sourceTree = "<group>"; };
		4C15AB5B26E9D54A003FF95C /* ExtensionColor.swift */ = {isa = PBXFileReference; lastKnownFileType = sourcecode.swift; path = ExtensionColor.swift; sourceTree = "<group>"; };
		61B4AE044F49267FE5D2D61B /* Pods_SwiftUI_ToastAndPopup.framework */ = {isa = PBXFileReference; explicitFileType = wrapper.framework; includeInIndex = 0; path = Pods_SwiftUI_ToastAndPopup.framework; sourceTree = BUILT_PRODUCTS_DIR; };
		7E8807A929CF6A5719530693 /* Pods-SwiftUI-ToastAndPopup.debug.xcconfig */ = {isa = PBXFileReference; includeInIndex = 1; lastKnownFileType = text.xcconfig; name = "Pods-SwiftUI-ToastAndPopup.debug.xcconfig"; path = "Target Support Files/Pods-SwiftUI-ToastAndPopup/Pods-SwiftUI-ToastAndPopup.debug.xcconfig"; sourceTree = "<group>"; };
/* End PBXFileReference section */

/* Begin PBXFrameworksBuildPhase section */
		4C15AB4226E897EA003FF95C /* Frameworks */ = {
			isa = PBXFrameworksBuildPhase;
			buildActionMask = 2147483647;
			files = (
				327705B5F70044091708A2F9 /* Pods_SwiftUI_ToastAndPopup.framework in Frameworks */,
			);
			runOnlyForDeploymentPostprocessing = 0;
		};
/* End PBXFrameworksBuildPhase section */

/* Begin PBXGroup section */
		0158EDEA7ABC7D847429EFB6 /* Pods */ = {
			isa = PBXGroup;
			children = (
				7E8807A929CF6A5719530693 /* Pods-SwiftUI-ToastAndPopup.debug.xcconfig */,
				26B58F93D70E20D4DEE704CD /* Pods-SwiftUI-ToastAndPopup.release.xcconfig */,
			);
			path = Pods;
			sourceTree = "<group>";
		};
		4AA5F676B2D6ECDB5475616B /* Frameworks */ = {
			isa = PBXGroup;
			children = (
				61B4AE044F49267FE5D2D61B /* Pods_SwiftUI_ToastAndPopup.framework */,
			);
			name = Frameworks;
			sourceTree = "<group>";
		};
		4C15AB3C26E897EA003FF95C = {
			isa = PBXGroup;
			children = (
				4C15AB4726E897EA003FF95C /* SwiftUI-ToastAndPopup */,
				4C15AB4626E897EA003FF95C /* Products */,
				0158EDEA7ABC7D847429EFB6 /* Pods */,
				4AA5F676B2D6ECDB5475616B /* Frameworks */,
			);
			sourceTree = "<group>";
		};
		4C15AB4626E897EA003FF95C /* Products */ = {
			isa = PBXGroup;
			children = (
				4C15AB4526E897EA003FF95C /* SwiftUI-ToastAndPopup.app */,
			);
			name = Products;
			sourceTree = "<group>";
		};
		4C15AB4726E897EA003FF95C /* SwiftUI-ToastAndPopup */ = {
			isa = PBXGroup;
			children = (
				4C15AB4826E897EA003FF95C /* SwiftUI_ToastAndPopupApp.swift */,
				4C15AB4A26E897EA003FF95C /* ContentView.swift */,
				4C15AB4C26E897EB003FF95C /* Assets.xcassets */,
				4C15AB5126E897EB003FF95C /* Info.plist */,
				4C15AB4E26E897EB003FF95C /* Preview Content */,
				4C15AB5B26E9D54A003FF95C /* ExtensionColor.swift */,
			);
			path = "SwiftUI-ToastAndPopup";
			sourceTree = "<group>";
		};
		4C15AB4E26E897EB003FF95C /* Preview Content */ = {
			isa = PBXGroup;
			children = (
				4C15AB4F26E897EB003FF95C /* Preview Assets.xcassets */,
			);
			path = "Preview Content";
			sourceTree = "<group>";
		};
/* End PBXGroup section */

/* Begin PBXNativeTarget section */
		4C15AB4426E897EA003FF95C /* SwiftUI-ToastAndPopup */ = {
			isa = PBXNativeTarget;
			buildConfigurationList = 4C15AB5426E897EB003FF95C /* Build configuration list for PBXNativeTarget "SwiftUI-ToastAndPopup" */;
			buildPhases = (
				C3B6D8A8A5A151CE77882B01 /* [CP] Check Pods Manifest.lock */,
				4C15AB4126E897EA003FF95C /* Sources */,
				4C15AB4226E897EA003FF95C /* Frameworks */,
				4C15AB4326E897EA003FF95C /* Resources */,
				BE11131191924AFF21BD0859 /* [CP] Embed Pods Frameworks */,
			);
			buildRules = (
			);
			dependencies = (
			);
			name = "SwiftUI-ToastAndPopup";
			productName = "SwiftUI-ToastAndPopup";
			productReference = 4C15AB4526E897EA003FF95C /* SwiftUI-ToastAndPopup.app */;
			productType = "com.apple.product-type.application";
		};
/* End PBXNativeTarget section */

/* Begin PBXProject section */
		4C15AB3D26E897EA003FF95C /* Project object */ = {
			isa = PBXProject;
			attributes = {
				LastSwiftUpdateCheck = 1250;
				LastUpgradeCheck = 1250;
				TargetAttributes = {
					4C15AB4426E897EA003FF95C = {
						CreatedOnToolsVersion = 12.5.1;
					};
				};
			};
			buildConfigurationList = 4C15AB4026E897EA003FF95C /* Build configuration list for PBXProject "SwiftUI-ToastAndPopup" */;
			compatibilityVersion = "Xcode 9.3";
			developmentRegion = en;
			hasScannedForEncodings = 0;
			knownRegions = (
				en,
				Base,
			);
			mainGroup = 4C15AB3C26E897EA003FF95C;
			productRefGroup = 4C15AB4626E897EA003FF95C /* Products */;
			projectDirPath = "";
			projectRoot = "";
			targets = (
				4C15AB4426E897EA003FF95C /* SwiftUI-ToastAndPopup */,
			);
		};
/* End PBXProject section */

/* Begin PBXResourcesBuildPhase section */
		4C15AB4326E897EA003FF95C /* Resources */ = {
			isa = PBXResourcesBuildPhase;
			buildActionMask = 2147483647;
			files = (
				4C15AB5026E897EB003FF95C /* Preview Assets.xcassets in Resources */,
				4C15AB4D26E897EB003FF95C /* Assets.xcassets in Resources */,
			);
			runOnlyForDeploymentPostprocessing = 0;
		};
/* End PBXResourcesBuildPhase section */

/* Begin PBXShellScriptBuildPhase section */
		BE11131191924AFF21BD0859 /* [CP] Embed Pods Frameworks */ = {
			isa = PBXShellScriptBuildPhase;
			buildActionMask = 2147483647;
			files = (
			);
			inputFileListPaths = (
				"${PODS_ROOT}/Target Support Files/Pods-SwiftUI-ToastAndPopup/Pods-SwiftUI-ToastAndPopup-frameworks-${CONFIGURATION}-input-files.xcfilelist",
			);
			name = "[CP] Embed Pods Frameworks";
			outputFileListPaths = (
				"${PODS_ROOT}/Target Support Files/Pods-SwiftUI-ToastAndPopup/Pods-SwiftUI-ToastAndPopup-frameworks-${CONFIGURATION}-output-files.xcfilelist",
			);
			runOnlyForDeploymentPostprocessing = 0;
			shellPath = /bin/sh;
			shellScript = "\"${PODS_ROOT}/Target Support Files/Pods-SwiftUI-ToastAndPopup/Pods-SwiftUI-ToastAndPopup-frameworks.sh\"\n";
			showEnvVarsInLog = 0;
		};
		C3B6D8A8A5A151CE77882B01 /* [CP] Check Pods Manifest.lock */ = {
			isa = PBXShellScriptBuildPhase;
			buildActionMask = 2147483647;
			files = (
			);
			inputFileListPaths = (
			);
			inputPaths = (
				"${PODS_PODFILE_DIR_PATH}/Podfile.lock",
				"${PODS_ROOT}/Manifest.lock",
			);
			name = "[CP] Check Pods Manifest.lock";
			outputFileListPaths = (
			);
			outputPaths = (
				"$(DERIVED_FILE_DIR)/Pods-SwiftUI-ToastAndPopup-checkManifestLockResult.txt",
			);
			runOnlyForDeploymentPostprocessing = 0;
			shellPath = /bin/sh;
			shellScript = "diff \"${PODS_PODFILE_DIR_PATH}/Podfile.lock\" \"${PODS_ROOT}/Manifest.lock\" > /dev/null\nif [ $? != 0 ] ; then\n    # print error to STDERR\n    echo \"error: The sandbox is not in sync with the Podfile.lock. Run 'pod install' or update your CocoaPods installation.\" >&2\n    exit 1\nfi\n# This output is used by Xcode 'outputs' to avoid re-running this script phase.\necho \"SUCCESS\" > \"${SCRIPT_OUTPUT_FILE_0}\"\n";
			showEnvVarsInLog = 0;
		};
/* End PBXShellScriptBuildPhase section */

/* Begin PBXSourcesBuildPhase section */
		4C15AB4126E897EA003FF95C /* Sources */ = {
			isa = PBXSourcesBuildPhase;
			buildActionMask = 2147483647;
			files = (
				4C15AB4B26E897EA003FF95C /* ContentView.swift in Sources */,
				4C15AB4926E897EA003FF95C /* SwiftUI_ToastAndPopupApp.swift in Sources */,
				4C15AB5C26E9D54A003FF95C /* ExtensionColor.swift in Sources */,
			);
			runOnlyForDeploymentPostprocessing = 0;
		};
/* End PBXSourcesBuildPhase section */

/* Begin XCBuildConfiguration section */
		4C15AB5226E897EB003FF95C /* Debug */ = {
			isa = XCBuildConfiguration;
			buildSettings = {
				ALWAYS_SEARCH_USER_PATHS = NO;
				CLANG_ANALYZER_NONNULL = YES;
				CLANG_ANALYZER_NUMBER_OBJECT_CONVERSION = YES_AGGRESSIVE;
				CLANG_CXX_LANGUAGE_STANDARD = "gnu++14";
				CLANG_CXX_LIBRARY = "libc++";
				CLANG_ENABLE_MODULES = YES;
				CLANG_ENABLE_OBJC_ARC = YES;
				CLANG_ENABLE_OBJC_WEAK = YES;
				CLANG_WARN_BLOCK_CAPTURE_AUTORELEASING = YES;
				CLANG_WARN_BOOL_CONVERSION = YES;
				CLANG_WARN_COMMA = YES;
				CLANG_WARN_CONSTANT_CONVERSION = YES;
				CLANG_WARN_DEPRECATED_OBJC_IMPLEMENTATIONS = YES;
				CLANG_WARN_DIRECT_OBJC_ISA_USAGE = YES_ERROR;
				CLANG_WARN_DOCUMENTATION_COMMENTS = YES;
				CLANG_WARN_EMPTY_BODY = YES;
				CLANG_WARN_ENUM_CONVERSION = YES;
				CLANG_WARN_INFINITE_RECURSION = YES;
				CLANG_WARN_INT_CONVERSION = YES;
				CLANG_WARN_NON_LITERAL_NULL_CONVERSION = YES;
				CLANG_WARN_OBJC_IMPLICIT_RETAIN_SELF = YES;
				CLANG_WARN_OBJC_LITERAL_CONVERSION = YES;
				CLANG_WARN_OBJC_ROOT_CLASS = YES_ERROR;
				CLANG_WARN_QUOTED_INCLUDE_IN_FRAMEWORK_HEADER = YES;
				CLANG_WARN_RANGE_LOOP_ANALYSIS = YES;
				CLANG_WARN_STRICT_PROTOTYPES = YES;
				CLANG_WARN_SUSPICIOUS_MOVE = YES;
				CLANG_WARN_UNGUARDED_AVAILABILITY = YES_AGGRESSIVE;
				CLANG_WARN_UNREACHABLE_CODE = YES;
				CLANG_WARN__DUPLICATE_METHOD_MATCH = YES;
				COPY_PHASE_STRIP = NO;
				DEBUG_INFORMATION_FORMAT = dwarf;
				ENABLE_STRICT_OBJC_MSGSEND = YES;
				ENABLE_TESTABILITY = YES;
				GCC_C_LANGUAGE_STANDARD = gnu11;
				GCC_DYNAMIC_NO_PIC = NO;
				GCC_NO_COMMON_BLOCKS = YES;
				GCC_OPTIMIZATION_LEVEL = 0;
				GCC_PREPROCESSOR_DEFINITIONS = (
					"DEBUG=1",
					"$(inherited)",
				);
				GCC_WARN_64_TO_32_BIT_CONVERSION = YES;
				GCC_WARN_ABOUT_RETURN_TYPE = YES_ERROR;
				GCC_WARN_UNDECLARED_SELECTOR = YES;
				GCC_WARN_UNINITIALIZED_AUTOS = YES_AGGRESSIVE;
				GCC_WARN_UNUSED_FUNCTION = YES;
				GCC_WARN_UNUSED_VARIABLE = YES;
				IPHONEOS_DEPLOYMENT_TARGET = 14.5;
				MTL_ENABLE_DEBUG_INFO = INCLUDE_SOURCE;
				MTL_FAST_MATH = YES;
				ONLY_ACTIVE_ARCH = YES;
				SDKROOT = iphoneos;
				SWIFT_ACTIVE_COMPILATION_CONDITIONS = DEBUG;
				SWIFT_OPTIMIZATION_LEVEL = "-Onone";
			};
			name = Debug;
		};
		4C15AB5326E897EB003FF95C /* Release */ = {
			isa = XCBuildConfiguration;
			buildSettings = {
				ALWAYS_SEARCH_USER_PATHS = NO;
				CLANG_ANALYZER_NONNULL = YES;
				CLANG_ANALYZER_NUMBER_OBJECT_CONVERSION = YES_AGGRESSIVE;
				CLANG_CXX_LANGUAGE_STANDARD = "gnu++14";
				CLANG_CXX_LIBRARY = "libc++";
				CLANG_ENABLE_MODULES = YES;
				CLANG_ENABLE_OBJC_ARC = YES;
				CLANG_ENABLE_OBJC_WEAK = YES;
				CLANG_WARN_BLOCK_CAPTURE_AUTORELEASING = YES;
				CLANG_WARN_BOOL_CONVERSION = YES;
				CLANG_WARN_COMMA = YES;
				CLANG_WARN_CONSTANT_CONVERSION = YES;
				CLANG_WARN_DEPRECATED_OBJC_IMPLEMENTATIONS = YES;
				CLANG_WARN_DIRECT_OBJC_ISA_USAGE = YES_ERROR;
				CLANG_WARN_DOCUMENTATION_COMMENTS = YES;
				CLANG_WARN_EMPTY_BODY = YES;
				CLANG_WARN_ENUM_CONVERSION = YES;
				CLANG_WARN_INFINITE_RECURSION = YES;
				CLANG_WARN_INT_CONVERSION = YES;
				CLANG_WARN_NON_LITERAL_NULL_CONVERSION = YES;
				CLANG_WARN_OBJC_IMPLICIT_RETAIN_SELF = YES;
				CLANG_WARN_OBJC_LITERAL_CONVERSION = YES;
				CLANG_WARN_OBJC_ROOT_CLASS = YES_ERROR;
				CLANG_WARN_QUOTED_INCLUDE_IN_FRAMEWORK_HEADER = YES;
				CLANG_WARN_RANGE_LOOP_ANALYSIS = YES;
				CLANG_WARN_STRICT_PROTOTYPES = YES;
				CLANG_WARN_SUSPICIOUS_MOVE = YES;
				CLANG_WARN_UNGUARDED_AVAILABILITY = YES_AGGRESSIVE;
				CLANG_WARN_UNREACHABLE_CODE = YES;
				CLANG_WARN__DUPLICATE_METHOD_MATCH = YES;
				COPY_PHASE_STRIP = NO;
				DEBUG_INFORMATION_FORMAT = "dwarf-with-dsym";
				ENABLE_NS_ASSERTIONS = NO;
				ENABLE_STRICT_OBJC_MSGSEND = YES;
				GCC_C_LANGUAGE_STANDARD = gnu11;
				GCC_NO_COMMON_BLOCKS = YES;
				GCC_WARN_64_TO_32_BIT_CONVERSION = YES;
				GCC_WARN_ABOUT_RETURN_TYPE = YES_ERROR;
				GCC_WARN_UNDECLARED_SELECTOR = YES;
				GCC_WARN_UNINITIALIZED_AUTOS = YES_AGGRESSIVE;
				GCC_WARN_UNUSED_FUNCTION = YES;
				GCC_WARN_UNUSED_VARIABLE = YES;
				IPHONEOS_DEPLOYMENT_TARGET = 14.5;
				MTL_ENABLE_DEBUG_INFO = NO;
				MTL_FAST_MATH = YES;
				SDKROOT = iphoneos;
				SWIFT_COMPILATION_MODE = wholemodule;
				SWIFT_OPTIMIZATION_LEVEL = "-O";
				VALIDATE_PRODUCT = YES;
			};
			name = Release;
		};
		4C15AB5526E897EB003FF95C /* Debug */ = {
			isa = XCBuildConfiguration;
			baseConfigurationReference = 7E8807A929CF6A5719530693 /* Pods-SwiftUI-ToastAndPopup.debug.xcconfig */;
			buildSettings = {
				ASSETCATALOG_COMPILER_APPICON_NAME = AppIcon;
				ASSETCATALOG_COMPILER_GLOBAL_ACCENT_COLOR_NAME = AccentColor;
				CODE_SIGN_STYLE = Automatic;
				DEVELOPMENT_ASSET_PATHS = "\"SwiftUI-ToastAndPopup/Preview Content\"";
				DEVELOPMENT_TEAM = 46QF7GBZH7;
				ENABLE_PREVIEWS = YES;
				INFOPLIST_FILE = "SwiftUI-ToastAndPopup/Info.plist";
				IPHONEOS_DEPLOYMENT_TARGET = 14.0;
				LD_RUNPATH_SEARCH_PATHS = (
					"$(inherited)",
					"@executable_path/Frameworks",
				);
				PRODUCT_BUNDLE_IDENTIFIER = "usKet.SwiftUI-ToastAndPopup";
				PRODUCT_NAME = "$(TARGET_NAME)";
				SWIFT_VERSION = 5.0;
				TARGETED_DEVICE_FAMILY = "1,2";
			};
			name = Debug;
		};
		4C15AB5626E897EB003FF95C /* Release */ = {
			isa = XCBuildConfiguration;
			baseConfigurationReference = 26B58F93D70E20D4DEE704CD /* Pods-SwiftUI-ToastAndPopup.release.xcconfig */;
			buildSettings = {
				ASSETCATALOG_COMPILER_APPICON_NAME = AppIcon;
				ASSETCATALOG_COMPILER_GLOBAL_ACCENT_COLOR_NAME = AccentColor;
				CODE_SIGN_STYLE = Automatic;
				DEVELOPMENT_ASSET_PATHS = "\"SwiftUI-ToastAndPopup/Preview Content\"";
				DEVELOPMENT_TEAM = 46QF7GBZH7;
				ENABLE_PREVIEWS = YES;
				INFOPLIST_FILE = "SwiftUI-ToastAndPopup/Info.plist";
				IPHONEOS_DEPLOYMENT_TARGET = 14.0;
				LD_RUNPATH_SEARCH_PATHS = (
					"$(inherited)",
					"@executable_path/Frameworks",
				);
				PRODUCT_BUNDLE_IDENTIFIER = "usKet.SwiftUI-ToastAndPopup";
				PRODUCT_NAME = "$(TARGET_NAME)";
				SWIFT_VERSION = 5.0;
				TARGETED_DEVICE_FAMILY = "1,2";
			};
			name = Release;
		};
/* End XCBuildConfiguration section */

/* Begin XCConfigurationList section */
		4C15AB4026E897EA003FF95C /* Build configuration list for PBXProject "SwiftUI-ToastAndPopup" */ = {
			isa = XCConfigurationList;
			buildConfigurations = (
				4C15AB5226E897EB003FF95C /* Debug */,
				4C15AB5326E897EB003FF95C /* Release */,
			);
			defaultConfigurationIsVisible = 0;
			defaultConfigurationName = Release;
		};
		4C15AB5426E897EB003FF95C /* Build configuration list for PBXNativeTarget "SwiftUI-ToastAndPopup" */ = {
			isa = XCConfigurationList;
			buildConfigurations = (
				4C15AB5526E897EB003FF95C /* Debug */,
				4C15AB5626E897EB003FF95C /* Release */,
			);
			defaultConfigurationIsVisible = 0;
			defaultConfigurationName = Release;
		};
/* End XCConfigurationList section */
	};
	rootObject = 4C15AB3D26E897EA003FF95C /* Project object */;
}
