// !$*UTF8*$!
{
	archiveVersion = 1;
	classes = {
	};
	objectVersion = 56;
	objects = {

/* Begin PBXBuildFile section */
		4C7F00482B42E5EB001C8054 /* SwiftUI_ViewModifierApp.swift in Sources */ = {isa = PBXBuildFile; fileRef = 4C7F00472B42E5EB001C8054 /* SwiftUI_ViewModifierApp.swift */; };
		4C7F004A2B42E5EB001C8054 /* ContentView.swift in Sources */ = {isa = PBXBuildFile; fileRef = 4C7F00492B42E5EB001C8054 /* ContentView.swift */; };
		4C7F004C2B42E5EC001C8054 /* Assets.xcassets in Resources */ = {isa = PBXBuildFile; fileRef = 4C7F004B2B42E5EC001C8054 /* Assets.xcassets */; };
		4C7F004F2B42E5EC001C8054 /* Preview Assets.xcassets in Resources */ = {isa = PBXBuildFile; fileRef = 4C7F004E2B42E5EC001C8054 /* Preview Assets.xcassets */; };
		4C7F00592B42E5EC001C8054 /* SwiftUI_ViewModifierTests.swift in Sources */ = {isa = PBXBuildFile; fileRef = 4C7F00582B42E5EC001C8054 /* SwiftUI_ViewModifierTests.swift */; };
		4C7F00632B42E5EC001C8054 /* SwiftUI_ViewModifierUITests.swift in Sources */ = {isa = PBXBuildFile; fileRef = 4C7F00622B42E5EC001C8054 /* SwiftUI_ViewModifierUITests.swift */; };
		4C7F00652B42E5EC001C8054 /* SwiftUI_ViewModifierUITestsLaunchTests.swift in Sources */ = {isa = PBXBuildFile; fileRef = 4C7F00642B42E5EC001C8054 /* SwiftUI_ViewModifierUITestsLaunchTests.swift */; };
		4C7F00722B42E8A5001C8054 /* ViewModifier.swift in Sources */ = {isa = PBXBuildFile; fileRef = 4C7F00712B42E8A5001C8054 /* ViewModifier.swift */; };
/* End PBXBuildFile section */

/* Begin PBXContainerItemProxy section */
		4C7F00552B42E5EC001C8054 /* PBXContainerItemProxy */ = {
			isa = PBXContainerItemProxy;
			containerPortal = 4C7F003C2B42E5EB001C8054 /* Project object */;
			proxyType = 1;
			remoteGlobalIDString = 4C7F00432B42E5EB001C8054;
			remoteInfo = "SwiftUI-ViewModifier";
		};
		4C7F005F2B42E5EC001C8054 /* PBXContainerItemProxy */ = {
			isa = PBXContainerItemProxy;
			containerPortal = 4C7F003C2B42E5EB001C8054 /* Project object */;
			proxyType = 1;
			remoteGlobalIDString = 4C7F00432B42E5EB001C8054;
			remoteInfo = "SwiftUI-ViewModifier";
		};
/* End PBXContainerItemProxy section */

/* Begin PBXFileReference section */
		4C7F00442B42E5EB001C8054 /* SwiftUI-ViewModifier.app */ = {isa = PBXFileReference; explicitFileType = wrapper.application; includeInIndex = 0; path = "SwiftUI-ViewModifier.app"; sourceTree = BUILT_PRODUCTS_DIR; };
		4C7F00472B42E5EB001C8054 /* SwiftUI_ViewModifierApp.swift */ = {isa = PBXFileReference; lastKnownFileType = sourcecode.swift; path = SwiftUI_ViewModifierApp.swift; sourceTree = "<group>"; };
		4C7F00492B42E5EB001C8054 /* ContentView.swift */ = {isa = PBXFileReference; lastKnownFileType = sourcecode.swift; path = ContentView.swift; sourceTree = "<group>"; };
		4C7F004B2B42E5EC001C8054 /* Assets.xcassets */ = {isa = PBXFileReference; lastKnownFileType = folder.assetcatalog; path = Assets.xcassets; sourceTree = "<group>"; };
		4C7F004E2B42E5EC001C8054 /* Preview Assets.xcassets */ = {isa = PBXFileReference; lastKnownFileType = folder.assetcatalog; path = "Preview Assets.xcassets"; sourceTree = "<group>"; };
		4C7F00542B42E5EC001C8054 /* SwiftUI-ViewModifierTests.xctest */ = {isa = PBXFileReference; explicitFileType = wrapper.cfbundle; includeInIndex = 0; path = "SwiftUI-ViewModifierTests.xctest"; sourceTree = BUILT_PRODUCTS_DIR; };
		4C7F00582B42E5EC001C8054 /* SwiftUI_ViewModifierTests.swift */ = {isa = PBXFileReference; lastKnownFileType = sourcecode.swift; path = SwiftUI_ViewModifierTests.swift; sourceTree = "<group>"; };
		4C7F005E2B42E5EC001C8054 /* SwiftUI-ViewModifierUITests.xctest */ = {isa = PBXFileReference; explicitFileType = wrapper.cfbundle; includeInIndex = 0; path = "SwiftUI-ViewModifierUITests.xctest"; sourceTree = BUILT_PRODUCTS_DIR; };
		4C7F00622B42E5EC001C8054 /* SwiftUI_ViewModifierUITests.swift */ = {isa = PBXFileReference; lastKnownFileType = sourcecode.swift; path = SwiftUI_ViewModifierUITests.swift; sourceTree = "<group>"; };
		4C7F00642B42E5EC001C8054 /* SwiftUI_ViewModifierUITestsLaunchTests.swift */ = {isa = PBXFileReference; lastKnownFileType = sourcecode.swift; path = SwiftUI_ViewModifierUITestsLaunchTests.swift; sourceTree = "<group>"; };
		4C7F00712B42E8A5001C8054 /* ViewModifier.swift */ = {isa = PBXFileReference; lastKnownFileType = sourcecode.swift; path = ViewModifier.swift; sourceTree = "<group>"; };
/* End PBXFileReference section */

/* Begin PBXFrameworksBuildPhase section */
		4C7F00412B42E5EB001C8054 /* Frameworks */ = {
			isa = PBXFrameworksBuildPhase;
			buildActionMask = 2147483647;
			files = (
			);
			runOnlyForDeploymentPostprocessing = 0;
		};
		4C7F00512B42E5EC001C8054 /* Frameworks */ = {
			isa = PBXFrameworksBuildPhase;
			buildActionMask = 2147483647;
			files = (
			);
			runOnlyForDeploymentPostprocessing = 0;
		};
		4C7F005B2B42E5EC001C8054 /* Frameworks */ = {
			isa = PBXFrameworksBuildPhase;
			buildActionMask = 2147483647;
			files = (
			);
			runOnlyForDeploymentPostprocessing = 0;
		};
/* End PBXFrameworksBuildPhase section */

/* Begin PBXGroup section */
		4C7F003B2B42E5EB001C8054 = {
			isa = PBXGroup;
			children = (
				4C7F00462B42E5EB001C8054 /* SwiftUI-ViewModifier */,
				4C7F00572B42E5EC001C8054 /* SwiftUI-ViewModifierTests */,
				4C7F00612B42E5EC001C8054 /* SwiftUI-ViewModifierUITests */,
				4C7F00452B42E5EB001C8054 /* Products */,
			);
			sourceTree = "<group>";
		};
		4C7F00452B42E5EB001C8054 /* Products */ = {
			isa = PBXGroup;
			children = (
				4C7F00442B42E5EB001C8054 /* SwiftUI-ViewModifier.app */,
				4C7F00542B42E5EC001C8054 /* SwiftUI-ViewModifierTests.xctest */,
				4C7F005E2B42E5EC001C8054 /* SwiftUI-ViewModifierUITests.xctest */,
			);
			name = Products;
			sourceTree = "<group>";
		};
		4C7F00462B42E5EB001C8054 /* SwiftUI-ViewModifier */ = {
			isa = PBXGroup;
			children = (
				4C7F00472B42E5EB001C8054 /* SwiftUI_ViewModifierApp.swift */,
				4C7F00492B42E5EB001C8054 /* ContentView.swift */,
				4C7F00712B42E8A5001C8054 /* ViewModifier.swift */,
				4C7F004B2B42E5EC001C8054 /* Assets.xcassets */,
				4C7F004D2B42E5EC001C8054 /* Preview Content */,
			);
			path = "SwiftUI-ViewModifier";
			sourceTree = "<group>";
		};
		4C7F004D2B42E5EC001C8054 /* Preview Content */ = {
			isa = PBXGroup;
			children = (
				4C7F004E2B42E5EC001C8054 /* Preview Assets.xcassets */,
			);
			path = "Preview Content";
			sourceTree = "<group>";
		};
		4C7F00572B42E5EC001C8054 /* SwiftUI-ViewModifierTests */ = {
			isa = PBXGroup;
			children = (
				4C7F00582B42E5EC001C8054 /* SwiftUI_ViewModifierTests.swift */,
			);
			path = "SwiftUI-ViewModifierTests";
			sourceTree = "<group>";
		};
		4C7F00612B42E5EC001C8054 /* SwiftUI-ViewModifierUITests */ = {
			isa = PBXGroup;
			children = (
				4C7F00622B42E5EC001C8054 /* SwiftUI_ViewModifierUITests.swift */,
				4C7F00642B42E5EC001C8054 /* SwiftUI_ViewModifierUITestsLaunchTests.swift */,
			);
			path = "SwiftUI-ViewModifierUITests";
			sourceTree = "<group>";
		};
/* End PBXGroup section */

/* Begin PBXNativeTarget section */
		4C7F00432B42E5EB001C8054 /* SwiftUI-ViewModifier */ = {
			isa = PBXNativeTarget;
			buildConfigurationList = 4C7F00682B42E5EC001C8054 /* Build configuration list for PBXNativeTarget "SwiftUI-ViewModifier" */;
			buildPhases = (
				4C7F00402B42E5EB001C8054 /* Sources */,
				4C7F00412B42E5EB001C8054 /* Frameworks */,
				4C7F00422B42E5EB001C8054 /* Resources */,
			);
			buildRules = (
			);
			dependencies = (
			);
			name = "SwiftUI-ViewModifier";
			productName = "SwiftUI-ViewModifier";
			productReference = 4C7F00442B42E5EB001C8054 /* SwiftUI-ViewModifier.app */;
			productType = "com.apple.product-type.application";
		};
		4C7F00532B42E5EC001C8054 /* SwiftUI-ViewModifierTests */ = {
			isa = PBXNativeTarget;
			buildConfigurationList = 4C7F006B2B42E5EC001C8054 /* Build configuration list for PBXNativeTarget "SwiftUI-ViewModifierTests" */;
			buildPhases = (
				4C7F00502B42E5EC001C8054 /* Sources */,
				4C7F00512B42E5EC001C8054 /* Frameworks */,
				4C7F00522B42E5EC001C8054 /* Resources */,
			);
			buildRules = (
			);
			dependencies = (
				4C7F00562B42E5EC001C8054 /* PBXTargetDependency */,
			);
			name = "SwiftUI-ViewModifierTests";
			productName = "SwiftUI-ViewModifierTests";
			productReference = 4C7F00542B42E5EC001C8054 /* SwiftUI-ViewModifierTests.xctest */;
			productType = "com.apple.product-type.bundle.unit-test";
		};
		4C7F005D2B42E5EC001C8054 /* SwiftUI-ViewModifierUITests */ = {
			isa = PBXNativeTarget;
			buildConfigurationList = 4C7F006E2B42E5EC001C8054 /* Build configuration list for PBXNativeTarget "SwiftUI-ViewModifierUITests" */;
			buildPhases = (
				4C7F005A2B42E5EC001C8054 /* Sources */,
				4C7F005B2B42E5EC001C8054 /* Frameworks */,
				4C7F005C2B42E5EC001C8054 /* Resources */,
			);
			buildRules = (
			);
			dependencies = (
				4C7F00602B42E5EC001C8054 /* PBXTargetDependency */,
			);
			name = "SwiftUI-ViewModifierUITests";
			productName = "SwiftUI-ViewModifierUITests";
			productReference = 4C7F005E2B42E5EC001C8054 /* SwiftUI-ViewModifierUITests.xctest */;
			productType = "com.apple.product-type.bundle.ui-testing";
		};
/* End PBXNativeTarget section */

/* Begin PBXProject section */
		4C7F003C2B42E5EB001C8054 /* Project object */ = {
			isa = PBXProject;
			attributes = {
				BuildIndependentTargetsInParallel = 1;
				LastSwiftUpdateCheck = 1510;
				LastUpgradeCheck = 1510;
				TargetAttributes = {
					4C7F00432B42E5EB001C8054 = {
						CreatedOnToolsVersion = 15.1;
					};
					4C7F00532B42E5EC001C8054 = {
						CreatedOnToolsVersion = 15.1;
						TestTargetID = 4C7F00432B42E5EB001C8054;
					};
					4C7F005D2B42E5EC001C8054 = {
						CreatedOnToolsVersion = 15.1;
						TestTargetID = 4C7F00432B42E5EB001C8054;
					};
				};
			};
			buildConfigurationList = 4C7F003F2B42E5EB001C8054 /* Build configuration list for PBXProject "SwiftUI-ViewModifier" */;
			compatibilityVersion = "Xcode 14.0";
			developmentRegion = en;
			hasScannedForEncodings = 0;
			knownRegions = (
				en,
				Base,
			);
			mainGroup = 4C7F003B2B42E5EB001C8054;
			productRefGroup = 4C7F00452B42E5EB001C8054 /* Products */;
			projectDirPath = "";
			projectRoot = "";
			targets = (
				4C7F00432B42E5EB001C8054 /* SwiftUI-ViewModifier */,
				4C7F00532B42E5EC001C8054 /* SwiftUI-ViewModifierTests */,
				4C7F005D2B42E5EC001C8054 /* SwiftUI-ViewModifierUITests */,
			);
		};
/* End PBXProject section */

/* Begin PBXResourcesBuildPhase section */
		4C7F00422B42E5EB001C8054 /* Resources */ = {
			isa = PBXResourcesBuildPhase;
			buildActionMask = 2147483647;
			files = (
				4C7F004F2B42E5EC001C8054 /* Preview Assets.xcassets in Resources */,
				4C7F004C2B42E5EC001C8054 /* Assets.xcassets in Resources */,
			);
			runOnlyForDeploymentPostprocessing = 0;
		};
		4C7F00522B42E5EC001C8054 /* Resources */ = {
			isa = PBXResourcesBuildPhase;
			buildActionMask = 2147483647;
			files = (
			);
			runOnlyForDeploymentPostprocessing = 0;
		};
		4C7F005C2B42E5EC001C8054 /* Resources */ = {
			isa = PBXResourcesBuildPhase;
			buildActionMask = 2147483647;
			files = (
			);
			runOnlyForDeploymentPostprocessing = 0;
		};
/* End PBXResourcesBuildPhase section */

/* Begin PBXSourcesBuildPhase section */
		4C7F00402B42E5EB001C8054 /* Sources */ = {
			isa = PBXSourcesBuildPhase;
			buildActionMask = 2147483647;
			files = (
				4C7F004A2B42E5EB001C8054 /* ContentView.swift in Sources */,
				4C7F00722B42E8A5001C8054 /* ViewModifier.swift in Sources */,
				4C7F00482B42E5EB001C8054 /* SwiftUI_ViewModifierApp.swift in Sources */,
			);
			runOnlyForDeploymentPostprocessing = 0;
		};
		4C7F00502B42E5EC001C8054 /* Sources */ = {
			isa = PBXSourcesBuildPhase;
			buildActionMask = 2147483647;
			files = (
				4C7F00592B42E5EC001C8054 /* SwiftUI_ViewModifierTests.swift in Sources */,
			);
			runOnlyForDeploymentPostprocessing = 0;
		};
		4C7F005A2B42E5EC001C8054 /* Sources */ = {
			isa = PBXSourcesBuildPhase;
			buildActionMask = 2147483647;
			files = (
				4C7F00652B42E5EC001C8054 /* SwiftUI_ViewModifierUITestsLaunchTests.swift in Sources */,
				4C7F00632B42E5EC001C8054 /* SwiftUI_ViewModifierUITests.swift in Sources */,
			);
			runOnlyForDeploymentPostprocessing = 0;
		};
/* End PBXSourcesBuildPhase section */

/* Begin PBXTargetDependency section */
		4C7F00562B42E5EC001C8054 /* PBXTargetDependency */ = {
			isa = PBXTargetDependency;
			target = 4C7F00432B42E5EB001C8054 /* SwiftUI-ViewModifier */;
			targetProxy = 4C7F00552B42E5EC001C8054 /* PBXContainerItemProxy */;
		};
		4C7F00602B42E5EC001C8054 /* PBXTargetDependency */ = {
			isa = PBXTargetDependency;
			target = 4C7F00432B42E5EB001C8054 /* SwiftUI-ViewModifier */;
			targetProxy = 4C7F005F2B42E5EC001C8054 /* PBXContainerItemProxy */;
		};
/* End PBXTargetDependency section */

/* Begin XCBuildConfiguration section */
		4C7F00662B42E5EC001C8054 /* Debug */ = {
			isa = XCBuildConfiguration;
			buildSettings = {
				ALWAYS_SEARCH_USER_PATHS = NO;
				ASSETCATALOG_COMPILER_GENERATE_SWIFT_ASSET_SYMBOL_EXTENSIONS = YES;
				CLANG_ANALYZER_NONNULL = YES;
				CLANG_ANALYZER_NUMBER_OBJECT_CONVERSION = YES_AGGRESSIVE;
				CLANG_CXX_LANGUAGE_STANDARD = "gnu++20";
				CLANG_ENABLE_MODULES = YES;
				CLANG_ENABLE_OBJC_ARC = YES;
				CLANG_ENABLE_OBJC_WEAK = YES;
				CLANG_WARN_BLOCK_CAPTURE_AUTORELEASING = YES;
				CLANG_WARN_BOOL_CONVERSION = YES;
				CLANG_WARN_COMMA = YES;
				CLANG_WARN_CONSTANT_CONVERSION = YES;
				CLANG_WARN_DEPRECATED_OBJC_IMPLEMENTATIONS = YES;
				CLANG_WARN_DIRECT_OBJC_ISA_USAGE = YES_ERROR;
				CLANG_WARN_DOCUMENTATION_COMMENTS = YES;
				CLANG_WARN_EMPTY_BODY = YES;
				CLANG_WARN_ENUM_CONVERSION = YES;
				CLANG_WARN_INFINITE_RECURSION = YES;
				CLANG_WARN_INT_CONVERSION = YES;
				CLANG_WARN_NON_LITERAL_NULL_CONVERSION = YES;
				CLANG_WARN_OBJC_IMPLICIT_RETAIN_SELF = YES;
				CLANG_WARN_OBJC_LITERAL_CONVERSION = YES;
				CLANG_WARN_OBJC_ROOT_CLASS = YES_ERROR;
				CLANG_WARN_QUOTED_INCLUDE_IN_FRAMEWORK_HEADER = YES;
				CLANG_WARN_RANGE_LOOP_ANALYSIS = YES;
				CLANG_WARN_STRICT_PROTOTYPES = YES;
				CLANG_WARN_SUSPICIOUS_MOVE = YES;
				CLANG_WARN_UNGUARDED_AVAILABILITY = YES_AGGRESSIVE;
				CLANG_WARN_UNREACHABLE_CODE = YES;
				CLANG_WARN__DUPLICATE_METHOD_MATCH = YES;
				COPY_PHASE_STRIP = NO;
				DEBUG_INFORMATION_FORMAT = dwarf;
				ENABLE_STRICT_OBJC_MSGSEND = YES;
				ENABLE_TESTABILITY = YES;
				ENABLE_USER_SCRIPT_SANDBOXING = YES;
				GCC_C_LANGUAGE_STANDARD = gnu17;
				GCC_DYNAMIC_NO_PIC = NO;
				GCC_NO_COMMON_BLOCKS = YES;
				GCC_OPTIMIZATION_LEVEL = 0;
				GCC_PREPROCESSOR_DEFINITIONS = (
					"DEBUG=1",
					"$(inherited)",
				);
				GCC_WARN_64_TO_32_BIT_CONVERSION = YES;
				GCC_WARN_ABOUT_RETURN_TYPE = YES_ERROR;
				GCC_WARN_UNDECLARED_SELECTOR = YES;
				GCC_WARN_UNINITIALIZED_AUTOS = YES_AGGRESSIVE;
				GCC_WARN_UNUSED_FUNCTION = YES;
				GCC_WARN_UNUSED_VARIABLE = YES;
				IPHONEOS_DEPLOYMENT_TARGET = 17.2;
				LOCALIZATION_PREFERS_STRING_CATALOGS = YES;
				MTL_ENABLE_DEBUG_INFO = INCLUDE_SOURCE;
				MTL_FAST_MATH = YES;
				ONLY_ACTIVE_ARCH = YES;
				SDKROOT = iphoneos;
				SWIFT_ACTIVE_COMPILATION_CONDITIONS = "DEBUG $(inherited)";
				SWIFT_OPTIMIZATION_LEVEL = "-Onone";
			};
			name = Debug;
		};
		4C7F00672B42E5EC001C8054 /* Release */ = {
			isa = XCBuildConfiguration;
			buildSettings = {
				ALWAYS_SEARCH_USER_PATHS = NO;
				ASSETCATALOG_COMPILER_GENERATE_SWIFT_ASSET_SYMBOL_EXTENSIONS = YES;
				CLANG_ANALYZER_NONNULL = YES;
				CLANG_ANALYZER_NUMBER_OBJECT_CONVERSION = YES_AGGRESSIVE;
				CLANG_CXX_LANGUAGE_STANDARD = "gnu++20";
				CLANG_ENABLE_MODULES = YES;
				CLANG_ENABLE_OBJC_ARC = YES;
				CLANG_ENABLE_OBJC_WEAK = YES;
				CLANG_WARN_BLOCK_CAPTURE_AUTORELEASING = YES;
				CLANG_WARN_BOOL_CONVERSION = YES;
				CLANG_WARN_COMMA = YES;
				CLANG_WARN_CONSTANT_CONVERSION = YES;
				CLANG_WARN_DEPRECATED_OBJC_IMPLEMENTATIONS = YES;
				CLANG_WARN_DIRECT_OBJC_ISA_USAGE = YES_ERROR;
				CLANG_WARN_DOCUMENTATION_COMMENTS = YES;
				CLANG_WARN_EMPTY_BODY = YES;
				CLANG_WARN_ENUM_CONVERSION = YES;
				CLANG_WARN_INFINITE_RECURSION = YES;
				CLANG_WARN_INT_CONVERSION = YES;
				CLANG_WARN_NON_LITERAL_NULL_CONVERSION = YES;
				CLANG_WARN_OBJC_IMPLICIT_RETAIN_SELF = YES;
				CLANG_WARN_OBJC_LITERAL_CONVERSION = YES;
				CLANG_WARN_OBJC_ROOT_CLASS = YES_ERROR;
				CLANG_WARN_QUOTED_INCLUDE_IN_FRAMEWORK_HEADER = YES;
				CLANG_WARN_RANGE_LOOP_ANALYSIS = YES;
				CLANG_WARN_STRICT_PROTOTYPES = YES;
				CLANG_WARN_SUSPICIOUS_MOVE = YES;
				CLANG_WARN_UNGUARDED_AVAILABILITY = YES_AGGRESSIVE;
				CLANG_WARN_UNREACHABLE_CODE = YES;
				CLANG_WARN__DUPLICATE_METHOD_MATCH = YES;
				COPY_PHASE_STRIP = NO;
				DEBUG_INFORMATION_FORMAT = "dwarf-with-dsym";
				ENABLE_NS_ASSERTIONS = NO;
				ENABLE_STRICT_OBJC_MSGSEND = YES;
				ENABLE_USER_SCRIPT_SANDBOXING = YES;
				GCC_C_LANGUAGE_STANDARD = gnu17;
				GCC_NO_COMMON_BLOCKS = YES;
				GCC_WARN_64_TO_32_BIT_CONVERSION = YES;
				GCC_WARN_ABOUT_RETURN_TYPE = YES_ERROR;
				GCC_WARN_UNDECLARED_SELECTOR = YES;
				GCC_WARN_UNINITIALIZED_AUTOS = YES_AGGRESSIVE;
				GCC_WARN_UNUSED_FUNCTION = YES;
				GCC_WARN_UNUSED_VARIABLE = YES;
				IPHONEOS_DEPLOYMENT_TARGET = 17.2;
				LOCALIZATION_PREFERS_STRING_CATALOGS = YES;
				MTL_ENABLE_DEBUG_INFO = NO;
				MTL_FAST_MATH = YES;
				SDKROOT = iphoneos;
				SWIFT_COMPILATION_MODE = wholemodule;
				VALIDATE_PRODUCT = YES;
			};
			name = Release;
		};
		4C7F00692B42E5EC001C8054 /* Debug */ = {
			isa = XCBuildConfiguration;
			buildSettings = {
				ASSETCATALOG_COMPILER_APPICON_NAME = AppIcon;
				ASSETCATALOG_COMPILER_GLOBAL_ACCENT_COLOR_NAME = AccentColor;
				CODE_SIGN_STYLE = Automatic;
				CURRENT_PROJECT_VERSION = 1;
				DEVELOPMENT_ASSET_PATHS = "\"SwiftUI-ViewModifier/Preview Content\"";
				DEVELOPMENT_TEAM = 46QF7GBZH7;
				ENABLE_PREVIEWS = YES;
				GENERATE_INFOPLIST_FILE = YES;
				INFOPLIST_KEY_UIApplicationSceneManifest_Generation = YES;
				INFOPLIST_KEY_UIApplicationSupportsIndirectInputEvents = YES;
				INFOPLIST_KEY_UILaunchScreen_Generation = YES;
				INFOPLIST_KEY_UISupportedInterfaceOrientations_iPad = "UIInterfaceOrientationPortrait UIInterfaceOrientationPortraitUpsideDown UIInterfaceOrientationLandscapeLeft UIInterfaceOrientationLandscapeRight";
				INFOPLIST_KEY_UISupportedInterfaceOrientations_iPhone = "UIInterfaceOrientationPortrait UIInterfaceOrientationLandscapeLeft UIInterfaceOrientationLandscapeRight";
				LD_RUNPATH_SEARCH_PATHS = (
					"$(inherited)",
					"@executable_path/Frameworks",
				);
				MARKETING_VERSION = 1.0;
				PRODUCT_BUNDLE_IDENTIFIER = "usket.SwiftUI-ViewModifier";
				PRODUCT_NAME = "$(TARGET_NAME)";
				SWIFT_EMIT_LOC_STRINGS = YES;
				SWIFT_VERSION = 5.0;
				TARGETED_DEVICE_FAMILY = "1,2";
			};
			name = Debug;
		};
		4C7F006A2B42E5EC001C8054 /* Release */ = {
			isa = XCBuildConfiguration;
			buildSettings = {
				ASSETCATALOG_COMPILER_APPICON_NAME = AppIcon;
				ASSETCATALOG_COMPILER_GLOBAL_ACCENT_COLOR_NAME = AccentColor;
				CODE_SIGN_STYLE = Automatic;
				CURRENT_PROJECT_VERSION = 1;
				DEVELOPMENT_ASSET_PATHS = "\"SwiftUI-ViewModifier/Preview Content\"";
				DEVELOPMENT_TEAM = 46QF7GBZH7;
				ENABLE_PREVIEWS = YES;
				GENERATE_INFOPLIST_FILE = YES;
				INFOPLIST_KEY_UIApplicationSceneManifest_Generation = YES;
				INFOPLIST_KEY_UIApplicationSupportsIndirectInputEvents = YES;
				INFOPLIST_KEY_UILaunchScreen_Generation = YES;
				INFOPLIST_KEY_UISupportedInterfaceOrientations_iPad = "UIInterfaceOrientationPortrait UIInterfaceOrientationPortraitUpsideDown UIInterfaceOrientationLandscapeLeft UIInterfaceOrientationLandscapeRight";
				INFOPLIST_KEY_UISupportedInterfaceOrientations_iPhone = "UIInterfaceOrientationPortrait UIInterfaceOrientationLandscapeLeft UIInterfaceOrientationLandscapeRight";
				LD_RUNPATH_SEARCH_PATHS = (
					"$(inherited)",
					"@executable_path/Frameworks",
				);
				MARKETING_VERSION = 1.0;
				PRODUCT_BUNDLE_IDENTIFIER = "usket.SwiftUI-ViewModifier";
				PRODUCT_NAME = "$(TARGET_NAME)";
				SWIFT_EMIT_LOC_STRINGS = YES;
				SWIFT_VERSION = 5.0;
				TARGETED_DEVICE_FAMILY = "1,2";
			};
			name = Release;
		};
		4C7F006C2B42E5EC001C8054 /* Debug */ = {
			isa = XCBuildConfiguration;
			buildSettings = {
				ALWAYS_EMBED_SWIFT_STANDARD_LIBRARIES = YES;
				BUNDLE_LOADER = "$(TEST_HOST)";
				CODE_SIGN_STYLE = Automatic;
				CURRENT_PROJECT_VERSION = 1;
				DEVELOPMENT_TEAM = 46QF7GBZH7;
				GENERATE_INFOPLIST_FILE = YES;
				IPHONEOS_DEPLOYMENT_TARGET = 17.2;
				MARKETING_VERSION = 1.0;
				PRODUCT_BUNDLE_IDENTIFIER = "usket.SwiftUI-ViewModifierTests";
				PRODUCT_NAME = "$(TARGET_NAME)";
				SWIFT_EMIT_LOC_STRINGS = NO;
				SWIFT_VERSION = 5.0;
				TARGETED_DEVICE_FAMILY = "1,2";
				TEST_HOST = "$(BUILT_PRODUCTS_DIR)/SwiftUI-ViewModifier.app/$(BUNDLE_EXECUTABLE_FOLDER_PATH)/SwiftUI-ViewModifier";
			};
			name = Debug;
		};
		4C7F006D2B42E5EC001C8054 /* Release */ = {
			isa = XCBuildConfiguration;
			buildSettings = {
				ALWAYS_EMBED_SWIFT_STANDARD_LIBRARIES = YES;
				BUNDLE_LOADER = "$(TEST_HOST)";
				CODE_SIGN_STYLE = Automatic;
				CURRENT_PROJECT_VERSION = 1;
				DEVELOPMENT_TEAM = 46QF7GBZH7;
				GENERATE_INFOPLIST_FILE = YES;
				IPHONEOS_DEPLOYMENT_TARGET = 17.2;
				MARKETING_VERSION = 1.0;
				PRODUCT_BUNDLE_IDENTIFIER = "usket.SwiftUI-ViewModifierTests";
				PRODUCT_NAME = "$(TARGET_NAME)";
				SWIFT_EMIT_LOC_STRINGS = NO;
				SWIFT_VERSION = 5.0;
				TARGETED_DEVICE_FAMILY = "1,2";
				TEST_HOST = "$(BUILT_PRODUCTS_DIR)/SwiftUI-ViewModifier.app/$(BUNDLE_EXECUTABLE_FOLDER_PATH)/SwiftUI-ViewModifier";
			};
			name = Release;
		};
		4C7F006F2B42E5EC001C8054 /* Debug */ = {
			isa = XCBuildConfiguration;
			buildSettings = {
				ALWAYS_EMBED_SWIFT_STANDARD_LIBRARIES = YES;
				CODE_SIGN_STYLE = Automatic;
				CURRENT_PROJECT_VERSION = 1;
				DEVELOPMENT_TEAM = 46QF7GBZH7;
				GENERATE_INFOPLIST_FILE = YES;
				MARKETING_VERSION = 1.0;
				PRODUCT_BUNDLE_IDENTIFIER = "usket.SwiftUI-ViewModifierUITests";
				PRODUCT_NAME = "$(TARGET_NAME)";
				SWIFT_EMIT_LOC_STRINGS = NO;
				SWIFT_VERSION = 5.0;
				TARGETED_DEVICE_FAMILY = "1,2";
				TEST_TARGET_NAME = "SwiftUI-ViewModifier";
			};
			name = Debug;
		};
		4C7F00702B42E5EC001C8054 /* Release */ = {
			isa = XCBuildConfiguration;
			buildSettings = {
				ALWAYS_EMBED_SWIFT_STANDARD_LIBRARIES = YES;
				CODE_SIGN_STYLE = Automatic;
				CURRENT_PROJECT_VERSION = 1;
				DEVELOPMENT_TEAM = 46QF7GBZH7;
				GENERATE_INFOPLIST_FILE = YES;
				MARKETING_VERSION = 1.0;
				PRODUCT_BUNDLE_IDENTIFIER = "usket.SwiftUI-ViewModifierUITests";
				PRODUCT_NAME = "$(TARGET_NAME)";
				SWIFT_EMIT_LOC_STRINGS = NO;
				SWIFT_VERSION = 5.0;
				TARGETED_DEVICE_FAMILY = "1,2";
				TEST_TARGET_NAME = "SwiftUI-ViewModifier";
			};
			name = Release;
		};
/* End XCBuildConfiguration section */

/* Begin XCConfigurationList section */
		4C7F003F2B42E5EB001C8054 /* Build configuration list for PBXProject "SwiftUI-ViewModifier" */ = {
			isa = XCConfigurationList;
			buildConfigurations = (
				4C7F00662B42E5EC001C8054 /* Debug */,
				4C7F00672B42E5EC001C8054 /* Release */,
			);
			defaultConfigurationIsVisible = 0;
			defaultConfigurationName = Release;
		};
		4C7F00682B42E5EC001C8054 /* Build configuration list for PBXNativeTarget "SwiftUI-ViewModifier" */ = {
			isa = XCConfigurationList;
			buildConfigurations = (
				4C7F00692B42E5EC001C8054 /* Debug */,
				4C7F006A2B42E5EC001C8054 /* Release */,
			);
			defaultConfigurationIsVisible = 0;
			defaultConfigurationName = Release;
		};
		4C7F006B2B42E5EC001C8054 /* Build configuration list for PBXNativeTarget "SwiftUI-ViewModifierTests" */ = {
			isa = XCConfigurationList;
			buildConfigurations = (
				4C7F006C2B42E5EC001C8054 /* Debug */,
				4C7F006D2B42E5EC001C8054 /* Release */,
			);
			defaultConfigurationIsVisible = 0;
			defaultConfigurationName = Release;
		};
		4C7F006E2B42E5EC001C8054 /* Build configuration list for PBXNativeTarget "SwiftUI-ViewModifierUITests" */ = {
			isa = XCConfigurationList;
			buildConfigurations = (
				4C7F006F2B42E5EC001C8054 /* Debug */,
				4C7F00702B42E5EC001C8054 /* Release */,
			);
			defaultConfigurationIsVisible = 0;
			defaultConfigurationName = Release;
		};
/* End XCConfigurationList section */
	};
	rootObject = 4C7F003C2B42E5EB001C8054 /* Project object */;
}
