// !$*UTF8*$!
{
	archiveVersion = 1;
	classes = {
	};
	objectVersion = 50;
	objects = {

/* Begin PBXBuildFile section */
		4C32044826D388FF003C806B /* MyList.swift in Sources */ = {isa = PBXBuildFile; fileRef = 4C32044726D388FF003C806B /* MyList.swift */; };
		4C32044A26D39B28003C806B /* MyNavigationView.swift in Sources */ = {isa = PBXBuildFile; fileRef = 4C32044926D39B28003C806B /* MyNavigationView.swift */; };
		4C32045126D3B1C3003C806B /* MySettingView.swift in Sources */ = {isa = PBXBuildFile; fileRef = 4C32045026D3B1C3003C806B /* MySettingView.swift */; };
		4C32045326D3D0C4003C806B /* MyImageView.swift in Sources */ = {isa = PBXBuildFile; fileRef = 4C32045226D3D0C4003C806B /* MyImageView.swift */; };
		4C3204B226D4EDEA003C806B /* MyTabView.swift in Sources */ = {isa = PBXBuildFile; fileRef = 4C3204B126D4EDEA003C806B /* MyTabView.swift */; };
		4C3204B426D4FF69003C806B /* MyBackgroundColor.swift in Sources */ = {isa = PBXBuildFile; fileRef = 4C3204B326D4FF69003C806B /* MyBackgroundColor.swift */; };
		4C3204B626D5040C003C806B /* MyCustomTabView.swift in Sources */ = {isa = PBXBuildFile; fileRef = 4C3204B526D5040C003C806B /* MyCustomTabView.swift */; };
		4C8EC51126CD187B00B6C6BB /* SwiftUI_ScrollPageApp.swift in Sources */ = {isa = PBXBuildFile; fileRef = 4C8EC51026CD187B00B6C6BB /* SwiftUI_ScrollPageApp.swift */; };
		4C8EC51326CD187B00B6C6BB /* ContentView.swift in Sources */ = {isa = PBXBuildFile; fileRef = 4C8EC51226CD187B00B6C6BB /* ContentView.swift */; };
		4C8EC51526CD187D00B6C6BB /* Assets.xcassets in Resources */ = {isa = PBXBuildFile; fileRef = 4C8EC51426CD187D00B6C6BB /* Assets.xcassets */; };
		4C8EC51826CD187D00B6C6BB /* Preview Assets.xcassets in Resources */ = {isa = PBXBuildFile; fileRef = 4C8EC51726CD187D00B6C6BB /* Preview Assets.xcassets */; };
		4C8EC52026CD27A800B6C6BB /* MyCardView.swift in Sources */ = {isa = PBXBuildFile; fileRef = 4C8EC51F26CD27A800B6C6BB /* MyCardView.swift */; };
		4C8EC52226CD300A00B6C6BB /* MySubCardView.swift in Sources */ = {isa = PBXBuildFile; fileRef = 4C8EC52126CD300A00B6C6BB /* MySubCardView.swift */; };
/* End PBXBuildFile section */

/* Begin PBXFileReference section */
		4C32044726D388FF003C806B /* MyList.swift */ = {isa = PBXFileReference; lastKnownFileType = sourcecode.swift; path = MyList.swift; sourceTree = "<group>"; };
		4C32044926D39B28003C806B /* MyNavigationView.swift */ = {isa = PBXFileReference; lastKnownFileType = sourcecode.swift; path = MyNavigationView.swift; sourceTree = "<group>"; };
		4C32045026D3B1C3003C806B /* MySettingView.swift */ = {isa = PBXFileReference; lastKnownFileType = sourcecode.swift; path = MySettingView.swift; sourceTree = "<group>"; };
		4C32045226D3D0C4003C806B /* MyImageView.swift */ = {isa = PBXFileReference; lastKnownFileType = sourcecode.swift; path = MyImageView.swift; sourceTree = "<group>"; };
		4C3204B126D4EDEA003C806B /* MyTabView.swift */ = {isa = PBXFileReference; lastKnownFileType = sourcecode.swift; path = MyTabView.swift; sourceTree = "<group>"; };
		4C3204B326D4FF69003C806B /* MyBackgroundColor.swift */ = {isa = PBXFileReference; lastKnownFileType = sourcecode.swift; path = MyBackgroundColor.swift; sourceTree = "<group>"; };
		4C3204B526D5040C003C806B /* MyCustomTabView.swift */ = {isa = PBXFileReference; lastKnownFileType = sourcecode.swift; path = MyCustomTabView.swift; sourceTree = "<group>"; };
		4C8EC50D26CD187B00B6C6BB /* SwiftUI-ScrollPage.app */ = {isa = PBXFileReference; explicitFileType = wrapper.application; includeInIndex = 0; path = "SwiftUI-ScrollPage.app"; sourceTree = BUILT_PRODUCTS_DIR; };
		4C8EC51026CD187B00B6C6BB /* SwiftUI_ScrollPageApp.swift */ = {isa = PBXFileReference; lastKnownFileType = sourcecode.swift; path = SwiftUI_ScrollPageApp.swift; sourceTree = "<group>"; };
		4C8EC51226CD187B00B6C6BB /* ContentView.swift */ = {isa = PBXFileReference; lastKnownFileType = sourcecode.swift; path = ContentView.swift; sourceTree = "<group>"; };
		4C8EC51426CD187D00B6C6BB /* Assets.xcassets */ = {isa = PBXFileReference; lastKnownFileType = folder.assetcatalog; path = Assets.xcassets; sourceTree = "<group>"; };
		4C8EC51726CD187D00B6C6BB /* Preview Assets.xcassets */ = {isa = PBXFileReference; lastKnownFileType = folder.assetcatalog; path = "Preview Assets.xcassets"; sourceTree = "<group>"; };
		4C8EC51926CD187D00B6C6BB /* Info.plist */ = {isa = PBXFileReference; lastKnownFileType = text.plist.xml; path = Info.plist; sourceTree = "<group>"; };
		4C8EC51F26CD27A800B6C6BB /* MyCardView.swift */ = {isa = PBXFileReference; lastKnownFileType = sourcecode.swift; path = MyCardView.swift; sourceTree = "<group>"; };
		4C8EC52126CD300A00B6C6BB /* MySubCardView.swift */ = {isa = PBXFileReference; lastKnownFileType = sourcecode.swift; path = MySubCardView.swift; sourceTree = "<group>"; };
/* End PBXFileReference section */

/* Begin PBXFrameworksBuildPhase section */
		4C8EC50A26CD187B00B6C6BB /* Frameworks */ = {
			isa = PBXFrameworksBuildPhase;
			buildActionMask = 2147483647;
			files = (
			);
			runOnlyForDeploymentPostprocessing = 0;
		};
/* End PBXFrameworksBuildPhase section */

/* Begin PBXGroup section */
		3CB9F6A128B342D50056BF67 /* HomeView */ = {
			isa = PBXGroup;
			children = (
				4C32045226D3D0C4003C806B /* MyImageView.swift */,
				4C32044926D39B28003C806B /* MyNavigationView.swift */,
				4C32045026D3B1C3003C806B /* MySettingView.swift */,
			);
			path = HomeView;
			sourceTree = "<group>";
		};
		3CB9F6A228B343A40056BF67 /* SideView */ = {
			isa = PBXGroup;
			children = (
				4C8EC52126CD300A00B6C6BB /* MySubCardView.swift */,
				4C8EC51F26CD27A800B6C6BB /* MyCardView.swift */,
				4C32044726D388FF003C806B /* MyList.swift */,
			);
			path = SideView;
			sourceTree = "<group>";
		};
		4C8EC50426CD187B00B6C6BB = {
			isa = PBXGroup;
			children = (
				4C8EC50F26CD187B00B6C6BB /* SwiftUI-ScrollPage */,
				4C8EC50E26CD187B00B6C6BB /* Products */,
			);
			sourceTree = "<group>";
		};
		4C8EC50E26CD187B00B6C6BB /* Products */ = {
			isa = PBXGroup;
			children = (
				4C8EC50D26CD187B00B6C6BB /* SwiftUI-ScrollPage.app */,
			);
			name = Products;
			sourceTree = "<group>";
		};
		4C8EC50F26CD187B00B6C6BB /* SwiftUI-ScrollPage */ = {
			isa = PBXGroup;
			children = (
				3CB9F6A228B343A40056BF67 /* SideView */,
				3CB9F6A128B342D50056BF67 /* HomeView */,
				4C8EC51026CD187B00B6C6BB /* SwiftUI_ScrollPageApp.swift */,
				4C8EC51226CD187B00B6C6BB /* ContentView.swift */,
				4C3204B126D4EDEA003C806B /* MyTabView.swift */,
				4C3204B526D5040C003C806B /* MyCustomTabView.swift */,
				4C3204B326D4FF69003C806B /* MyBackgroundColor.swift */,
				4C8EC51426CD187D00B6C6BB /* Assets.xcassets */,
				4C8EC51926CD187D00B6C6BB /* Info.plist */,
				4C8EC51626CD187D00B6C6BB /* Preview Content */,
			);
			path = "SwiftUI-ScrollPage";
			sourceTree = "<group>";
		};
		4C8EC51626CD187D00B6C6BB /* Preview Content */ = {
			isa = PBXGroup;
			children = (
				4C8EC51726CD187D00B6C6BB /* Preview Assets.xcassets */,
			);
			path = "Preview Content";
			sourceTree = "<group>";
		};
/* End PBXGroup section */

/* Begin PBXNativeTarget section */
		4C8EC50C26CD187B00B6C6BB /* SwiftUI-ScrollPage */ = {
			isa = PBXNativeTarget;
			buildConfigurationList = 4C8EC51C26CD187D00B6C6BB /* Build configuration list for PBXNativeTarget "SwiftUI-ScrollPage" */;
			buildPhases = (
				4C8EC50926CD187B00B6C6BB /* Sources */,
				4C8EC50A26CD187B00B6C6BB /* Frameworks */,
				4C8EC50B26CD187B00B6C6BB /* Resources */,
			);
			buildRules = (
			);
			dependencies = (
			);
			name = "SwiftUI-ScrollPage";
			productName = "SwiftUI-ScrollPage";
			productReference = 4C8EC50D26CD187B00B6C6BB /* SwiftUI-ScrollPage.app */;
			productType = "com.apple.product-type.application";
		};
/* End PBXNativeTarget section */

/* Begin PBXProject section */
		4C8EC50526CD187B00B6C6BB /* Project object */ = {
			isa = PBXProject;
			attributes = {
				LastSwiftUpdateCheck = 1250;
				LastUpgradeCheck = 1250;
				TargetAttributes = {
					4C8EC50C26CD187B00B6C6BB = {
						CreatedOnToolsVersion = 12.5.1;
					};
				};
			};
			buildConfigurationList = 4C8EC50826CD187B00B6C6BB /* Build configuration list for PBXProject "SwiftUI-ScrollPage" */;
			compatibilityVersion = "Xcode 9.3";
			developmentRegion = en;
			hasScannedForEncodings = 0;
			knownRegions = (
				en,
				Base,
			);
			mainGroup = 4C8EC50426CD187B00B6C6BB;
			productRefGroup = 4C8EC50E26CD187B00B6C6BB /* Products */;
			projectDirPath = "";
			projectRoot = "";
			targets = (
				4C8EC50C26CD187B00B6C6BB /* SwiftUI-ScrollPage */,
			);
		};
/* End PBXProject section */

/* Begin PBXResourcesBuildPhase section */
		4C8EC50B26CD187B00B6C6BB /* Resources */ = {
			isa = PBXResourcesBuildPhase;
			buildActionMask = 2147483647;
			files = (
				4C8EC51826CD187D00B6C6BB /* Preview Assets.xcassets in Resources */,
				4C8EC51526CD187D00B6C6BB /* Assets.xcassets in Resources */,
			);
			runOnlyForDeploymentPostprocessing = 0;
		};
/* End PBXResourcesBuildPhase section */

/* Begin PBXSourcesBuildPhase section */
		4C8EC50926CD187B00B6C6BB /* Sources */ = {
			isa = PBXSourcesBuildPhase;
			buildActionMask = 2147483647;
			files = (
				4C32045326D3D0C4003C806B /* MyImageView.swift in Sources */,
				4C3204B426D4FF69003C806B /* MyBackgroundColor.swift in Sources */,
				4C32045126D3B1C3003C806B /* MySettingView.swift in Sources */,
				4C8EC52026CD27A800B6C6BB /* MyCardView.swift in Sources */,
				4C8EC51326CD187B00B6C6BB /* ContentView.swift in Sources */,
				4C3204B626D5040C003C806B /* MyCustomTabView.swift in Sources */,
				4C32044A26D39B28003C806B /* MyNavigationView.swift in Sources */,
				4C8EC51126CD187B00B6C6BB /* SwiftUI_ScrollPageApp.swift in Sources */,
				4C8EC52226CD300A00B6C6BB /* MySubCardView.swift in Sources */,
				4C3204B226D4EDEA003C806B /* MyTabView.swift in Sources */,
				4C32044826D388FF003C806B /* MyList.swift in Sources */,
			);
			runOnlyForDeploymentPostprocessing = 0;
		};
/* End PBXSourcesBuildPhase section */

/* Begin XCBuildConfiguration section */
		4C8EC51A26CD187D00B6C6BB /* Debug */ = {
			isa = XCBuildConfiguration;
			buildSettings = {
				ALWAYS_SEARCH_USER_PATHS = NO;
				CLANG_ANALYZER_NONNULL = YES;
				CLANG_ANALYZER_NUMBER_OBJECT_CONVERSION = YES_AGGRESSIVE;
				CLANG_CXX_LANGUAGE_STANDARD = "gnu++14";
				CLANG_CXX_LIBRARY = "libc++";
				CLANG_ENABLE_MODULES = YES;
				CLANG_ENABLE_OBJC_ARC = YES;
				CLANG_ENABLE_OBJC_WEAK = YES;
				CLANG_WARN_BLOCK_CAPTURE_AUTORELEASING = YES;
				CLANG_WARN_BOOL_CONVERSION = YES;
				CLANG_WARN_COMMA = YES;
				CLANG_WARN_CONSTANT_CONVERSION = YES;
				CLANG_WARN_DEPRECATED_OBJC_IMPLEMENTATIONS = YES;
				CLANG_WARN_DIRECT_OBJC_ISA_USAGE = YES_ERROR;
				CLANG_WARN_DOCUMENTATION_COMMENTS = YES;
				CLANG_WARN_EMPTY_BODY = YES;
				CLANG_WARN_ENUM_CONVERSION = YES;
				CLANG_WARN_INFINITE_RECURSION = YES;
				CLANG_WARN_INT_CONVERSION = YES;
				CLANG_WARN_NON_LITERAL_NULL_CONVERSION = YES;
				CLANG_WARN_OBJC_IMPLICIT_RETAIN_SELF = YES;
				CLANG_WARN_OBJC_LITERAL_CONVERSION = YES;
				CLANG_WARN_OBJC_ROOT_CLASS = YES_ERROR;
				CLANG_WARN_QUOTED_INCLUDE_IN_FRAMEWORK_HEADER = YES;
				CLANG_WARN_RANGE_LOOP_ANALYSIS = YES;
				CLANG_WARN_STRICT_PROTOTYPES = YES;
				CLANG_WARN_SUSPICIOUS_MOVE = YES;
				CLANG_WARN_UNGUARDED_AVAILABILITY = YES_AGGRESSIVE;
				CLANG_WARN_UNREACHABLE_CODE = YES;
				CLANG_WARN__DUPLICATE_METHOD_MATCH = YES;
				COPY_PHASE_STRIP = NO;
				DEBUG_INFORMATION_FORMAT = dwarf;
				ENABLE_STRICT_OBJC_MSGSEND = YES;
				ENABLE_TESTABILITY = YES;
				GCC_C_LANGUAGE_STANDARD = gnu11;
				GCC_DYNAMIC_NO_PIC = NO;
				GCC_NO_COMMON_BLOCKS = YES;
				GCC_OPTIMIZATION_LEVEL = 0;
				GCC_PREPROCESSOR_DEFINITIONS = (
					"DEBUG=1",
					"$(inherited)",
				);
				GCC_WARN_64_TO_32_BIT_CONVERSION = YES;
				GCC_WARN_ABOUT_RETURN_TYPE = YES_ERROR;
				GCC_WARN_UNDECLARED_SELECTOR = YES;
				GCC_WARN_UNINITIALIZED_AUTOS = YES_AGGRESSIVE;
				GCC_WARN_UNUSED_FUNCTION = YES;
				GCC_WARN_UNUSED_VARIABLE = YES;
				IPHONEOS_DEPLOYMENT_TARGET = 14.5;
				MTL_ENABLE_DEBUG_INFO = INCLUDE_SOURCE;
				MTL_FAST_MATH = YES;
				ONLY_ACTIVE_ARCH = YES;
				SDKROOT = iphoneos;
				SWIFT_ACTIVE_COMPILATION_CONDITIONS = DEBUG;
				SWIFT_OPTIMIZATION_LEVEL = "-Onone";
			};
			name = Debug;
		};
		4C8EC51B26CD187D00B6C6BB /* Release */ = {
			isa = XCBuildConfiguration;
			buildSettings = {
				ALWAYS_SEARCH_USER_PATHS = NO;
				CLANG_ANALYZER_NONNULL = YES;
				CLANG_ANALYZER_NUMBER_OBJECT_CONVERSION = YES_AGGRESSIVE;
				CLANG_CXX_LANGUAGE_STANDARD = "gnu++14";
				CLANG_CXX_LIBRARY = "libc++";
				CLANG_ENABLE_MODULES = YES;
				CLANG_ENABLE_OBJC_ARC = YES;
				CLANG_ENABLE_OBJC_WEAK = YES;
				CLANG_WARN_BLOCK_CAPTURE_AUTORELEASING = YES;
				CLANG_WARN_BOOL_CONVERSION = YES;
				CLANG_WARN_COMMA = YES;
				CLANG_WARN_CONSTANT_CONVERSION = YES;
				CLANG_WARN_DEPRECATED_OBJC_IMPLEMENTATIONS = YES;
				CLANG_WARN_DIRECT_OBJC_ISA_USAGE = YES_ERROR;
				CLANG_WARN_DOCUMENTATION_COMMENTS = YES;
				CLANG_WARN_EMPTY_BODY = YES;
				CLANG_WARN_ENUM_CONVERSION = YES;
				CLANG_WARN_INFINITE_RECURSION = YES;
				CLANG_WARN_INT_CONVERSION = YES;
				CLANG_WARN_NON_LITERAL_NULL_CONVERSION = YES;
				CLANG_WARN_OBJC_IMPLICIT_RETAIN_SELF = YES;
				CLANG_WARN_OBJC_LITERAL_CONVERSION = YES;
				CLANG_WARN_OBJC_ROOT_CLASS = YES_ERROR;
				CLANG_WARN_QUOTED_INCLUDE_IN_FRAMEWORK_HEADER = YES;
				CLANG_WARN_RANGE_LOOP_ANALYSIS = YES;
				CLANG_WARN_STRICT_PROTOTYPES = YES;
				CLANG_WARN_SUSPICIOUS_MOVE = YES;
				CLANG_WARN_UNGUARDED_AVAILABILITY = YES_AGGRESSIVE;
				CLANG_WARN_UNREACHABLE_CODE = YES;
				CLANG_WARN__DUPLICATE_METHOD_MATCH = YES;
				COPY_PHASE_STRIP = NO;
				DEBUG_INFORMATION_FORMAT = "dwarf-with-dsym";
				ENABLE_NS_ASSERTIONS = NO;
				ENABLE_STRICT_OBJC_MSGSEND = YES;
				GCC_C_LANGUAGE_STANDARD = gnu11;
				GCC_NO_COMMON_BLOCKS = YES;
				GCC_WARN_64_TO_32_BIT_CONVERSION = YES;
				GCC_WARN_ABOUT_RETURN_TYPE = YES_ERROR;
				GCC_WARN_UNDECLARED_SELECTOR = YES;
				GCC_WARN_UNINITIALIZED_AUTOS = YES_AGGRESSIVE;
				GCC_WARN_UNUSED_FUNCTION = YES;
				GCC_WARN_UNUSED_VARIABLE = YES;
				IPHONEOS_DEPLOYMENT_TARGET = 14.5;
				MTL_ENABLE_DEBUG_INFO = NO;
				MTL_FAST_MATH = YES;
				SDKROOT = iphoneos;
				SWIFT_COMPILATION_MODE = wholemodule;
				SWIFT_OPTIMIZATION_LEVEL = "-O";
				VALIDATE_PRODUCT = YES;
			};
			name = Release;
		};
		4C8EC51D26CD187D00B6C6BB /* Debug */ = {
			isa = XCBuildConfiguration;
			buildSettings = {
				ASSETCATALOG_COMPILER_APPICON_NAME = AppIcon;
				ASSETCATALOG_COMPILER_GLOBAL_ACCENT_COLOR_NAME = AccentColor;
				CODE_SIGN_STYLE = Automatic;
				DEVELOPMENT_ASSET_PATHS = "\"SwiftUI-ScrollPage/Preview Content\"";
				DEVELOPMENT_TEAM = XN968856C5;
				ENABLE_PREVIEWS = YES;
				INFOPLIST_FILE = "SwiftUI-ScrollPage/Info.plist";
				IPHONEOS_DEPLOYMENT_TARGET = 14.0;
				LD_RUNPATH_SEARCH_PATHS = (
					"$(inherited)",
					"@executable_path/Frameworks",
				);
				PRODUCT_BUNDLE_IDENTIFIER = "usKet.SwiftUI-ScrollPage";
				PRODUCT_NAME = "$(TARGET_NAME)";
				SWIFT_VERSION = 5.0;
				TARGETED_DEVICE_FAMILY = "1,2";
			};
			name = Debug;
		};
		4C8EC51E26CD187D00B6C6BB /* Release */ = {
			isa = XCBuildConfiguration;
			buildSettings = {
				ASSETCATALOG_COMPILER_APPICON_NAME = AppIcon;
				ASSETCATALOG_COMPILER_GLOBAL_ACCENT_COLOR_NAME = AccentColor;
				CODE_SIGN_STYLE = Automatic;
				DEVELOPMENT_ASSET_PATHS = "\"SwiftUI-ScrollPage/Preview Content\"";
				DEVELOPMENT_TEAM = XN968856C5;
				ENABLE_PREVIEWS = YES;
				INFOPLIST_FILE = "SwiftUI-ScrollPage/Info.plist";
				IPHONEOS_DEPLOYMENT_TARGET = 14.0;
				LD_RUNPATH_SEARCH_PATHS = (
					"$(inherited)",
					"@executable_path/Frameworks",
				);
				PRODUCT_BUNDLE_IDENTIFIER = "usKet.SwiftUI-ScrollPage";
				PRODUCT_NAME = "$(TARGET_NAME)";
				SWIFT_VERSION = 5.0;
				TARGETED_DEVICE_FAMILY = "1,2";
			};
			name = Release;
		};
/* End XCBuildConfiguration section */

/* Begin XCConfigurationList section */
		4C8EC50826CD187B00B6C6BB /* Build configuration list for PBXProject "SwiftUI-ScrollPage" */ = {
			isa = XCConfigurationList;
			buildConfigurations = (
				4C8EC51A26CD187D00B6C6BB /* Debug */,
				4C8EC51B26CD187D00B6C6BB /* Release */,
			);
			defaultConfigurationIsVisible = 0;
			defaultConfigurationName = Release;
		};
		4C8EC51C26CD187D00B6C6BB /* Build configuration list for PBXNativeTarget "SwiftUI-ScrollPage" */ = {
			isa = XCConfigurationList;
			buildConfigurations = (
				4C8EC51D26CD187D00B6C6BB /* Debug */,
				4C8EC51E26CD187D00B6C6BB /* Release */,
			);
			defaultConfigurationIsVisible = 0;
			defaultConfigurationName = Release;
		};
/* End XCConfigurationList section */
	};
	rootObject = 4C8EC50526CD187B00B6C6BB /* Project object */;
}
